Microsoft Visual Studio Solution File, Format Version 12.00
# Visual Studio Version 17
VisualStudioVersion = 17.5.2.0
MinimumVisualStudioVersion = 10.0.40219.1
Project("{FAE04EC0-301F-11D3-BF4B-00C04F79EFBC}") = "MeuAppMaui", "MeuAppMaui\MeuAppMaui.csproj", "{6A409406-8775-ED12-8886-B265ADA237B3}"
EndProject
Global
	GlobalSection(SolutionConfigurationPlatforms) = preSolution
		Debug|Any CPU = Debug|Any CPU
		Release|Any CPU = Release|Any CPU
	EndGlobalSection
	GlobalSection(ProjectConfigurationPlatforms) = postSolution
		{6A409406-8775-ED12-8886-B265ADA237B3}.Debug|Any CPU.ActiveCfg = Debug|Any CPU
		{6A409406-8775-ED12-8886-B265ADA237B3}.Debug|Any CPU.Build.0 = Debug|Any CPU
		{6A409406-8775-ED12-8886-B265ADA237B3}.Release|Any CPU.ActiveCfg = Release|Any CPU
		{6A409406-8775-ED12-8886-B265ADA237B3}.Release|Any CPU.Build.0 = Release|Any CPU
	EndGlobalSection
	GlobalSection(SolutionProperties) = preSolution
		HideSolutionNode = FALSE
	EndGlobalSection
	GlobalSection(ExtensibilityGlobals) = postSolution
		SolutionGuid = {2F76AF8D-DDD1-47E4-B82C-8146340C2230}
	EndGlobalSection
EndGlobal
